{
  "name": "book-keeper",
  "version": "0.1.0",
  "lockfileVersion": 2,
  "requires": true,
  "packages": {
    "": {
      "name": "book-keeper",
      "version": "0.1.0",
      "license": "MIT",
      "dependencies": {
        "@types/lodash": "^4.14.149",
        "core-js": "^3.6.4",
        "json-ptr": "^1.2.0",
        "lodash": "^4.17.15"
      },
      "devDependencies": {
        "@types/node": "^13.9.2",
        "ts-node": "^8.8.0",
        "typescript": "^3.8.3"
      }
    },
    "node_modules/@types/lodash": {
      "version": "4.14.149",
      "license": "MIT"
    },
    "node_modules/@types/node": {
      "version": "13.9.2",
      "dev": true,
      "license": "MIT"
    },
    "node_modules/arg": {
      "version": "4.1.3",
      "dev": true,
      "license": "MIT"
    },
    "node_modules/buffer-from": {
      "version": "1.1.1",
      "dev": true,
      "license": "MIT"
    },
    "node_modules/core-js": {
      "version": "3.6.4",
      "hasInstallScript": true,
      "license": "MIT",
      "funding": {
        "type": "opencollective",
        "url": "https://opencollective.com/core-js"
      }
    },
    "node_modules/diff": {
      "version": "4.0.2",
      "dev": true,
      "license": "BSD-3-Clause",
      "engines": {
        "node": ">=0.3.1"
      }
    },
    "node_modules/json-ptr": {
      "version": "1.2.0",
      "license": "MIT"
    },
    "node_modules/lodash": {
      "version": "4.17.15",
      "license": "MIT"
    },
    "node_modules/make-error": {
      "version": "1.3.6",
      "dev": true,
      "license": "ISC"
    },
    "node_modules/source-map-support": {
      "version": "0.5.16",
      "dev": true,
      "license": "MIT",
      "dependencies": {
        "buffer-from": "^1.0.0",
        "source-map": "^0.6.0"
      }
    },
    "node_modules/source-map-support/node_modules/source-map": {
      "version": "0.6.1",
      "dev": true,
      "license": "BSD-3-Clause",
      "engines": {
        "node": ">=0.10.0"
      }
    },
    "node_modules/ts-node": {
      "version": "8.8.0",
      "dev": true,
      "license": "MIT",
      "dependencies": {
        "arg": "^4.1.0",
        "diff": "^4.0.1",
        "make-error": "^1.1.1",
        "source-map-support": "^0.5.6",
        "yn": "3.1.1"
      },
      "bin": {
        "ts-node": "dist/bin.js",
        "ts-node-script": "dist/bin-script.js",
        "ts-node-transpile-only": "dist/bin-transpile.js",
        "ts-script": "dist/bin-script-deprecated.js"
      },
      "engines": {
        "node": ">=6.0.0"
      },
      "peerDependencies": {
        "typescript": ">=2.7"
      }
    },
    "node_modules/typescript": {
      "version": "3.8.3",
      "dev": true,
      "license": "Apache-2.0",
      "bin": {
        "tsc": "bin/tsc",
        "tsserver": "bin/tsserver"
      },
      "engines": {
        "node": ">=4.2.0"
      }
    },
    "node_modules/yn": {
      "version": "3.1.1",
      "dev": true,
      "license": "MIT",
      "engines": {
        "node": ">=6"
      }
    }
  },
  "dependencies": {
    "@types/lodash": {
      "version": "4.14.149"
    },
    "@types/node": {
      "version": "13.9.2",
      "dev": true
    },
    "arg": {
      "version": "4.1.3",
      "dev": true
    },
    "buffer-from": {
      "version": "1.1.1",
      "dev": true
    },
    "core-js": {
      "version": "3.6.4"
    },
    "diff": {
      "version": "4.0.2",
      "dev": true
    },
    "json-ptr": {
      "version": "1.2.0"
    },
    "lodash": {
      "version": "4.17.15"
    },
    "make-error": {
      "version": "1.3.6",
      "dev": true
    },
    "source-map-support": {
      "version": "0.5.16",
      "dev": true,
      "requires": {
        "buffer-from": "^1.0.0",
        "source-map": "^0.6.0"
      },
      "dependencies": {
        "source-map": {
          "version": "0.6.1",
          "dev": true
        }
      }
    },
    "ts-node": {
      "version": "8.8.0",
      "dev": true,
      "requires": {
        "arg": "^4.1.0",
        "diff": "^4.0.1",
        "make-error": "^1.1.1",
        "source-map-support": "^0.5.6",
        "yn": "3.1.1"
      }
    },
    "typescript": {
      "version": "3.8.3",
      "dev": true
    },
    "yn": {
      "version": "3.1.1",
      "dev": true
    }
  }
}
